
Microsoft Visual Studio Solution File, Format Version 12.00
# Visual Studio 2013
VisualStudioVersion = 12.0.30723.0
MinimumVisualStudioVersion = 10.0.40219.1
Project("{FAE04EC0-301F-11D3-BF4B-00C04F79EFBC}") = "GetIt.Data", "GetIt.Data\GetIt.Data.csproj", "{E349EC8F-E0C1-4360-BFB7-677E154D74A2}"
EndProject
Project("{FAE04EC0-301F-11D3-BF4B-00C04F79EFBC}") = "GetIt.Web", "GetIt.Web\GetIt.Web.csproj", "{95A40174-CFA1-4CCF-A533-28DFF78A50EF}"
EndProject
Global
	GlobalSection(SolutionConfigurationPlatforms) = preSolution
		Debug|Any CPU = Debug|Any CPU
		Release|Any CPU = Release|Any CPU
	EndGlobalSection
	GlobalSection(ProjectConfigurationPlatforms) = postSolution
		{E349EC8F-E0C1-4360-BFB7-677E154D74A2}.Debug|Any CPU.ActiveCfg = Debug|Any CPU
		{E349EC8F-E0C1-4360-BFB7-677E154D74A2}.Debug|Any CPU.Build.0 = Debug|Any CPU
		{E349EC8F-E0C1-4360-BFB7-677E154D74A2}.Release|Any CPU.ActiveCfg = Release|Any CPU
		{E349EC8F-E0C1-4360-BFB7-677E154D74A2}.Release|Any CPU.Build.0 = Release|Any CPU
		{95A40174-CFA1-4CCF-A533-28DFF78A50EF}.Debug|Any CPU.ActiveCfg = Debug|Any CPU
		{95A40174-CFA1-4CCF-A533-28DFF78A50EF}.Debug|Any CPU.Build.0 = Debug|Any CPU
		{95A40174-CFA1-4CCF-A533-28DFF78A50EF}.Release|Any CPU.ActiveCfg = Release|Any CPU
		{95A40174-CFA1-4CCF-A533-28DFF78A50EF}.Release|Any CPU.Build.0 = Release|Any CPU
	EndGlobalSection
	GlobalSection(SolutionProperties) = preSolution
		HideSolutionNode = FALSE
	EndGlobalSection
EndGlobal
